github.com/davidn5013/snickerboa v0.0.0-20230105024238-62c940f7d6e0 h1:ctCGwhFAVOXGG4JnPn1ZrDoxkWQ03FB/bZX3s/g1fiE=
github.com/davidn5013/snickerboa v0.0.0-20230105024238-62c940f7d6e0/go.mod h1:gosrZiUn+7jYY/Sbteu+Ue6NZHTrKCcE9RRw5N5hHAs=
github.com/fxtlabs/primes v0.0.0-20150821004651-dad82d10a449 h1:HOYnhuVrhAVGKdg3rZapII640so7QfXQmkLkefUN/uM=
github.com/fxtlabs/primes v0.0.0-20150821004651-dad82d10a449/go.mod h1:i+vbdOOivRRh2j+WwBkjZXloGN/+KAqfKDwNfUJeugc=
